
Microsoft Visual Studio Solution File, Format Version 12.00
# Visual Studio Version 17
VisualStudioVersion = 17.5.33627.172
MinimumVisualStudioVersion = 10.0.40219.1
Project("{9A19103F-16F7-4668-BE54-9A1E7A4F7556}") = "Python.System", "Python.System\Python.System.csproj", "{CAAA3827-188E-49E5-9293-5708EEC891BF}"
EndProject
Project("{9A19103F-16F7-4668-BE54-9A1E7A4F7556}") = "Python.SystemDemo", "Python.SystemDemo\Python.SystemDemo.csproj", "{86746963-6158-4728-B19A-AC6D78C8486F}"
EndProject
Project("{9A19103F-16F7-4668-BE54-9A1E7A4F7556}") = "Python.SystemTests", "Python.SystemTests\Python.SystemTests.csproj", "{5D183A65-E961-4B9F-9365-1BA794005A64}"
EndProject
Global
	GlobalSection(SolutionConfigurationPlatforms) = preSolution
		Debug|Any CPU = Debug|Any CPU
		Release|Any CPU = Release|Any CPU
	EndGlobalSection
	GlobalSection(ProjectConfigurationPlatforms) = postSolution
		{CAAA3827-188E-49E5-9293-5708EEC891BF}.Debug|Any CPU.ActiveCfg = Debug|Any CPU
		{CAAA3827-188E-49E5-9293-5708EEC891BF}.Debug|Any CPU.Build.0 = Debug|Any CPU
		{CAAA3827-188E-49E5-9293-5708EEC891BF}.Release|Any CPU.ActiveCfg = Release|Any CPU
		{CAAA3827-188E-49E5-9293-5708EEC891BF}.Release|Any CPU.Build.0 = Release|Any CPU
		{86746963-6158-4728-B19A-AC6D78C8486F}.Debug|Any CPU.ActiveCfg = Debug|Any CPU
		{86746963-6158-4728-B19A-AC6D78C8486F}.Debug|Any CPU.Build.0 = Debug|Any CPU
		{86746963-6158-4728-B19A-AC6D78C8486F}.Release|Any CPU.ActiveCfg = Release|Any CPU
		{86746963-6158-4728-B19A-AC6D78C8486F}.Release|Any CPU.Build.0 = Release|Any CPU
		{5D183A65-E961-4B9F-9365-1BA794005A64}.Debug|Any CPU.ActiveCfg = Debug|Any CPU
		{5D183A65-E961-4B9F-9365-1BA794005A64}.Debug|Any CPU.Build.0 = Debug|Any CPU
		{5D183A65-E961-4B9F-9365-1BA794005A64}.Release|Any CPU.ActiveCfg = Release|Any CPU
		{5D183A65-E961-4B9F-9365-1BA794005A64}.Release|Any CPU.Build.0 = Release|Any CPU
	EndGlobalSection
	GlobalSection(SolutionProperties) = preSolution
		HideSolutionNode = FALSE
	EndGlobalSection
	GlobalSection(ExtensibilityGlobals) = postSolution
		SolutionGuid = {19598AB3-02E0-4316-A003-BDCAC338A7DA}
	EndGlobalSection
EndGlobal
